{
  "requires": true,
  "lockfileVersion": 1,
  "dependencies": {
    "embla-carousel": {
      "version": "4.5.3",
      "resolved": "https://registry.npmjs.org/embla-carousel/-/embla-carousel-4.5.3.tgz",
      "integrity": "sha512-S7fPpoV9AsPRII8ytsDQavW4JbU3xWBAO+i158eVahVZYVb04vC+913QfO3FGzsVK/4sb58NJ42LBDh143+YhA=="
    },
    "jq-fakeloader": {
      "version": "2.0.1",
      "resolved": "https://registry.npmjs.org/jq-fakeloader/-/jq-fakeloader-2.0.1.tgz",
      "integrity": "sha512-INQYTpFJON2nD4TMTXifB4UCW03tSzCbAog+pUEUtVsJqzS7qoznW9OrAt/HUfvFMykx95WQXWFbrc3Uq9pagA=="
    }
  }
}
